
Microsoft Visual Studio Solution File, Format Version 12.00
# Visual Studio Version 17
VisualStudioVersion = 17.7.34024.191
MinimumVisualStudioVersion = 10.0.40219.1
Project("{FAE04EC0-301F-11D3-BF4B-00C04F79EFBC}") = "Week6StringdAndArrays", "Week6StringdAndArrays\Week6StringdAndArrays.csproj", "{C08A2AA9-7184-403C-98D8-86DD93BD7D23}"
EndProject
Project("{FAE04EC0-301F-11D3-BF4B-00C04F79EFBC}") = "Arrays", "Arrays\Arrays.csproj", "{93261623-4AC1-40DA-8BDC-724AB44A4C3C}"
EndProject
Project("{FAE04EC0-301F-11D3-BF4B-00C04F79EFBC}") = "NumberArray", "NumberArray\NumberArray.csproj", "{78D911D0-A4BE-4443-A574-7E8C63EE11EC}"
EndProject
Project("{FAE04EC0-301F-11D3-BF4B-00C04F79EFBC}") = "RandomElement", "RandomElement\RandomElement.csproj", "{A4739313-1C93-4214-A929-644651A803D8}"
EndProject
Global
	GlobalSection(SolutionConfigurationPlatforms) = preSolution
		Debug|Any CPU = Debug|Any CPU
		Release|Any CPU = Release|Any CPU
	EndGlobalSection
	GlobalSection(ProjectConfigurationPlatforms) = postSolution
		{C08A2AA9-7184-403C-98D8-86DD93BD7D23}.Debug|Any CPU.ActiveCfg = Debug|Any CPU
		{C08A2AA9-7184-403C-98D8-86DD93BD7D23}.Debug|Any CPU.Build.0 = Debug|Any CPU
		{C08A2AA9-7184-403C-98D8-86DD93BD7D23}.Release|Any CPU.ActiveCfg = Release|Any CPU
		{C08A2AA9-7184-403C-98D8-86DD93BD7D23}.Release|Any CPU.Build.0 = Release|Any CPU
		{93261623-4AC1-40DA-8BDC-724AB44A4C3C}.Debug|Any CPU.ActiveCfg = Debug|Any CPU
		{93261623-4AC1-40DA-8BDC-724AB44A4C3C}.Debug|Any CPU.Build.0 = Debug|Any CPU
		{93261623-4AC1-40DA-8BDC-724AB44A4C3C}.Release|Any CPU.ActiveCfg = Release|Any CPU
		{93261623-4AC1-40DA-8BDC-724AB44A4C3C}.Release|Any CPU.Build.0 = Release|Any CPU
		{78D911D0-A4BE-4443-A574-7E8C63EE11EC}.Debug|Any CPU.ActiveCfg = Debug|Any CPU
		{78D911D0-A4BE-4443-A574-7E8C63EE11EC}.Debug|Any CPU.Build.0 = Debug|Any CPU
		{78D911D0-A4BE-4443-A574-7E8C63EE11EC}.Release|Any CPU.ActiveCfg = Release|Any CPU
		{78D911D0-A4BE-4443-A574-7E8C63EE11EC}.Release|Any CPU.Build.0 = Release|Any CPU
		{A4739313-1C93-4214-A929-644651A803D8}.Debug|Any CPU.ActiveCfg = Debug|Any CPU
		{A4739313-1C93-4214-A929-644651A803D8}.Debug|Any CPU.Build.0 = Debug|Any CPU
		{A4739313-1C93-4214-A929-644651A803D8}.Release|Any CPU.ActiveCfg = Release|Any CPU
		{A4739313-1C93-4214-A929-644651A803D8}.Release|Any CPU.Build.0 = Release|Any CPU
	EndGlobalSection
	GlobalSection(SolutionProperties) = preSolution
		HideSolutionNode = FALSE
	EndGlobalSection
	GlobalSection(ExtensibilityGlobals) = postSolution
		SolutionGuid = {7EE9F0FD-C118-4CEF-8B8D-9F75381D9096}
	EndGlobalSection
EndGlobal
